# THIS IS AN AUTOGENERATED FILE. DO NOT EDIT THIS FILE DIRECTLY.
# yarn lockfile v1


"@babel/code-frame@^7.0.0":
  "integrity" "sha512-vG6SvB6oYEhvgisZNFRmRCUkLz11c7rp+tbNTynGqc6mS1d5ATd/sGyV6W0KZZnXRKMTzZDRgQT3Ou9jhpAfUg=="
  "resolved" "https://registry.npmjs.org/@babel/code-frame/-/code-frame-7.10.4.tgz"
  "version" "7.10.4"
  dependencies:
    "@babel/highlight" "^7.10.4"

"@babel/helper-validator-identifier@^7.10.4":
  "integrity" "sha512-3U9y+43hz7ZM+rzG24Qe2mufW5KhvFg/NhnNph+i9mgCtdTCtMJuI1TMkrIUiK7Ix4PYlRF9I5dhqaLYA/ADXw=="
  "resolved" "https://registry.npmjs.org/@babel/helper-validator-identifier/-/helper-validator-identifier-7.10.4.tgz"
  "version" "7.10.4"

"@babel/highlight@^7.10.4":
  "integrity" "sha512-i6rgnR/YgPEQzZZnbTHHuZdlE8qyoBNalD6F+q4vAFlcMEcqmkoG+mPqJYJCo63qPf74+Y1UZsl3l6f7/RIkmA=="
  "resolved" "https://registry.npmjs.org/@babel/highlight/-/highlight-7.10.4.tgz"
  "version" "7.10.4"
  dependencies:
    "@babel/helper-validator-identifier" "^7.10.4"
    "chalk" "^2.0.0"
    "js-tokens" "^4.0.0"

"@fullhuman/postcss-purgecss@^3.0.0":
  "integrity" "sha512-kwOXw8fZ0Lt1QmeOOrd+o4Ibvp4UTEBFQbzvWldjlKv5n+G9sXfIPn1hh63IQIL8K8vbvv1oYMJiIUbuy9bGaA=="
  "resolved" "https://registry.npmjs.org/@fullhuman/postcss-purgecss/-/postcss-purgecss-3.1.3.tgz"
  "version" "3.1.3"
  dependencies:
    "purgecss" "^3.1.3"

"@types/minimatch@^3.0.3":
  "integrity" "sha512-tHq6qdbT9U1IRSGf14CL0pUlULksvY9OZ+5eEgl1N7t+OA3tGvNpxJCzuKQlsNgCVwbAs670L1vcVQi8j9HjnA=="
  "resolved" "https://registry.npmjs.org/@types/minimatch/-/minimatch-3.0.3.tgz"
  "version" "3.0.3"

"@types/parse-json@^4.0.0":
  "integrity" "sha512-//oorEZjL6sbPcKUaCdIGlIUeH26mgzimjBB77G6XRgnDl/L5wOnpyBGRe/Mmf5CVW3PwEBE1NjiMZ/ssFh4wA=="
  "resolved" "https://registry.npmjs.org/@types/parse-json/-/parse-json-4.0.0.tgz"
  "version" "4.0.0"

"acorn-node@^1.6.1":
  "integrity" "sha512-8mt+fslDufLYntIoPAaIMUe/lrbrehIiwmR3t2k9LljIzoigEPF27eLk2hy8zSGzmR/ogr7zbRKINMo1u0yh5A=="
  "resolved" "https://registry.npmjs.org/acorn-node/-/acorn-node-1.8.2.tgz"
  "version" "1.8.2"
  dependencies:
    "acorn" "^7.0.0"
    "acorn-walk" "^7.0.0"
    "xtend" "^4.0.2"

"acorn-walk@^7.0.0":
  "integrity" "sha512-OPdCF6GsMIP+Az+aWfAAOEt2/+iVDKE7oy6lJ098aoe59oAmK76qV6Gw60SbZ8jHuG2wH058GF4pLFbYamYrVA=="
  "resolved" "https://registry.npmjs.org/acorn-walk/-/acorn-walk-7.2.0.tgz"
  "version" "7.2.0"

"acorn@^7.0.0":
  "integrity" "sha512-nQyp0o1/mNdbTO1PO6kHkwSrmgZ0MT/jCCpNiwbUjGoRN4dlBhqJtoQuCnEOKzgTVwg0ZWiCoQy6SxMebQVh8A=="
  "resolved" "https://registry.npmjs.org/acorn/-/acorn-7.4.1.tgz"
  "version" "7.4.1"

"ansi-styles@^3.2.1":
  "integrity" "sha512-VT0ZI6kZRdTh8YyJw3SMbYm/u+NqfsAxEpWO0Pf9sq8/e94WxxOpPKx9FR1FlyCtOVDNOQ+8ntlqFxiRc+r5qA=="
  "resolved" "https://registry.npmjs.org/ansi-styles/-/ansi-styles-3.2.1.tgz"
  "version" "3.2.1"
  dependencies:
    "color-convert" "^1.9.0"

"ansi-styles@^4.1.0":
  "integrity" "sha512-zbB9rCJAT1rbjiVDb2hqKFHNYLxgtk8NURxZ3IZwD3F6NtxbXZQCnnSi1Lkx+IDohdPlFp222wVALIheZJQSEg=="
  "resolved" "https://registry.npmjs.org/ansi-styles/-/ansi-styles-4.3.0.tgz"
  "version" "4.3.0"
  dependencies:
    "color-convert" "^2.0.1"

"array-differ@^3.0.0":
  "integrity" "sha512-THtfYS6KtME/yIAhKjZ2ul7XI96lQGHRputJQHO80LAWQnuGP4iCIN8vdMRboGbIEYBwU33q8Tch1os2+X0kMg=="
  "resolved" "https://registry.npmjs.org/array-differ/-/array-differ-3.0.0.tgz"
  "version" "3.0.0"

"array-union@^2.1.0":
  "integrity" "sha512-HGyxoOTYUyCM6stUe6EJgnd4EoewAI7zMdfqO+kGjnlZmBDz/cR5pf8r/cR4Wq60sL/p0IkcjUEEPwS3GFrIyw=="
  "resolved" "https://registry.npmjs.org/array-union/-/array-union-2.1.0.tgz"
  "version" "2.1.0"

"arrify@^2.0.1":
  "integrity" "sha512-3duEwti880xqi4eAMN8AyR4a0ByT90zoYdLlevfrvU43vb0YZwZVfxOgxWrLXXXpyugL0hNZc9G6BiB5B3nUug=="
  "resolved" "https://registry.npmjs.org/arrify/-/arrify-2.0.1.tgz"
  "version" "2.0.1"

"at-least-node@^1.0.0":
  "integrity" "sha512-+q/t7Ekv1EDY2l6Gda6LLiX14rU9TV20Wa3ofeQmwPFZbOMo9DXrLbOjFaaclkXKWidIaopwAObQDqwWtGUjqg=="
  "resolved" "https://registry.npmjs.org/at-least-node/-/at-least-node-1.0.0.tgz"
  "version" "1.0.0"

"autoprefixer@^10.0.2":
  "integrity" "sha512-dwP0UjyYvROUvtU+boBx8ff5pPWami1NGTrJs9YUsS/oZVbRAcdNHOOuXSA1fc46tgKqe072cVaKD69rvCc3QQ=="
  "resolved" "https://registry.npmjs.org/autoprefixer/-/autoprefixer-10.2.1.tgz"
  "version" "10.2.1"
  dependencies:
    "browserslist" "^4.16.1"
    "caniuse-lite" "^1.0.30001173"
    "colorette" "^1.2.1"
    "fraction.js" "^4.0.13"
    "normalize-range" "^0.1.2"
    "postcss-value-parser" "^4.1.0"

"balanced-match@^1.0.0":
  "integrity" "sha1-ibTRmasr7kneFk6gK4nORi1xt2c="
  "resolved" "https://registry.npmjs.org/balanced-match/-/balanced-match-1.0.0.tgz"
  "version" "1.0.0"

"brace-expansion@^1.1.7":
  "integrity" "sha512-iCuPHDFgrHX7H2vEI/5xpz07zSHB00TpugqhmYtVmMO6518mCuRMoOYFldEBl0g187ufozdaHgWKcYFb61qGiA=="
  "resolved" "https://registry.npmjs.org/brace-expansion/-/brace-expansion-1.1.11.tgz"
  "version" "1.1.11"
  dependencies:
    "balanced-match" "^1.0.0"
    "concat-map" "0.0.1"

"browserslist@^4.16.1":
  "integrity" "sha512-UXhDrwqsNcpTYJBTZsbGATDxZbiVDsx6UjpmRUmtnP10pr8wAYr5LgFoEFw9ixriQH2mv/NX2SfGzE/o8GndLA=="
  "resolved" "https://registry.npmjs.org/browserslist/-/browserslist-4.16.1.tgz"
  "version" "4.16.1"
  dependencies:
    "caniuse-lite" "^1.0.30001173"
    "colorette" "^1.2.1"
    "electron-to-chromium" "^1.3.634"
    "escalade" "^3.1.1"
    "node-releases" "^1.1.69"

"bytes@^3.0.0":
  "integrity" "sha512-zauLjrfCG+xvoyaqLoV8bLVXXNGC4JqlxFCutSDWA6fJrTo2ZuvLYTqZ7aHBLZSMOopbzwv8f+wZcVzfVTI2Dg=="
  "resolved" "https://registry.npmjs.org/bytes/-/bytes-3.1.0.tgz"
  "version" "3.1.0"

"callsites@^3.0.0":
  "integrity" "sha512-P8BjAsXvZS+VIDUI11hHCQEv74YT67YUi5JJFNWIqL235sBmjX4+qx9Muvls5ivyNENctx46xQLQ3aTuE7ssaQ=="
  "resolved" "https://registry.npmjs.org/callsites/-/callsites-3.1.0.tgz"
  "version" "3.1.0"

"camelcase-css@^2.0.1":
  "integrity" "sha512-QOSvevhslijgYwRx6Rv7zKdMF8lbRmx+uQGx2+vDc+KI/eBnsy9kit5aj23AgGu3pa4t9AgwbnXWqS+iOY+2aA=="
  "resolved" "https://registry.npmjs.org/camelcase-css/-/camelcase-css-2.0.1.tgz"
  "version" "2.0.1"

"caniuse-lite@^1.0.30001173":
  "integrity" "sha512-VtdZLC0vsXykKni8Uztx45xynytOi71Ufx9T8kHptSw9AL4dpqailUJJHavttuzUe1KYuBYtChiWv+BAb7mPmQ=="
  "resolved" "https://registry.npmjs.org/caniuse-lite/-/caniuse-lite-1.0.30001178.tgz"
  "version" "1.0.30001178"

"chalk@^2.0.0":
  "integrity" "sha512-Mti+f9lpJNcwF4tWV8/OrTTtF1gZi+f8FqlyAdouralcFWFQWF2+NgCHShjkCb+IFBLq9buZwE1xckQU4peSuQ=="
  "resolved" "https://registry.npmjs.org/chalk/-/chalk-2.4.2.tgz"
  "version" "2.4.2"
  dependencies:
    "ansi-styles" "^3.2.1"
    "escape-string-regexp" "^1.0.5"
    "supports-color" "^5.3.0"

"chalk@^2.4.1":
  "integrity" "sha512-Mti+f9lpJNcwF4tWV8/OrTTtF1gZi+f8FqlyAdouralcFWFQWF2+NgCHShjkCb+IFBLq9buZwE1xckQU4peSuQ=="
  "resolved" "https://registry.npmjs.org/chalk/-/chalk-2.4.2.tgz"
  "version" "2.4.2"
  dependencies:
    "ansi-styles" "^3.2.1"
    "escape-string-regexp" "^1.0.5"
    "supports-color" "^5.3.0"

"chalk@^3.0.0":
  "integrity" "sha512-4D3B6Wf41KOYRFdszmDqMCGq5VV/uMAB273JILmO+3jAlh8X4qDtdtgCR3fxtbLEMzSx22QdhnDcJvu2u1fVwg=="
  "resolved" "https://registry.npmjs.org/chalk/-/chalk-3.0.0.tgz"
  "version" "3.0.0"
  dependencies:
    "ansi-styles" "^4.1.0"
    "supports-color" "^7.1.0"

"chalk@^4.0.0", "chalk@^4.1.0":
  "integrity" "sha512-qwx12AxXe2Q5xQ43Ac//I6v5aXTipYrSESdOgzrN+9XjgEpyjpKuvSGaN4qE93f7TQTlerQQ8S+EQ0EyDoVL1A=="
  "resolved" "https://registry.npmjs.org/chalk/-/chalk-4.1.0.tgz"
  "version" "4.1.0"
  dependencies:
    "ansi-styles" "^4.1.0"
    "supports-color" "^7.1.0"

"ci-info@^2.0.0":
  "integrity" "sha512-5tK7EtrZ0N+OLFMthtqOj4fI2Jeb88C4CAZPu25LDVUgXJ0A3Js4PMGqrn0JU1W0Mh1/Z8wZzYPxqUrXeBboCQ=="
  "resolved" "https://registry.npmjs.org/ci-info/-/ci-info-2.0.0.tgz"
  "version" "2.0.0"

"color-convert@^1.9.0":
  "integrity" "sha512-QfAUtd+vFdAtFQcC8CCyYt1fYWxSqAiK2cSD6zDB8N3cpsEBAvRxp9zOGg6G/SHHJYAT88/az/IuDGALsNVbGg=="
  "resolved" "https://registry.npmjs.org/color-convert/-/color-convert-1.9.3.tgz"
  "version" "1.9.3"
  dependencies:
    "color-name" "1.1.3"

"color-convert@^1.9.1":
  "integrity" "sha512-QfAUtd+vFdAtFQcC8CCyYt1fYWxSqAiK2cSD6zDB8N3cpsEBAvRxp9zOGg6G/SHHJYAT88/az/IuDGALsNVbGg=="
  "resolved" "https://registry.npmjs.org/color-convert/-/color-convert-1.9.3.tgz"
  "version" "1.9.3"
  dependencies:
    "color-name" "1.1.3"

"color-convert@^2.0.1":
  "integrity" "sha512-RRECPsj7iu/xb5oKYcsFHSppFNnsj/52OVTRKb4zP5onXwVF3zVmmToNcOfGC+CRDpfK/U584fMg38ZHCaElKQ=="
  "resolved" "https://registry.npmjs.org/color-convert/-/color-convert-2.0.1.tgz"
  "version" "2.0.1"
  dependencies:
    "color-name" "~1.1.4"

"color-name@^1.0.0", "color-name@~1.1.4":
  "integrity" "sha512-dOy+3AuW3a2wNbZHIuMZpTcgjGuLU/uBL/ubcZF9OXbDo8ff4O8yVp5Bf0efS8uEoYo5q4Fx7dY9OgQGXgAsQA=="
  "resolved" "https://registry.npmjs.org/color-name/-/color-name-1.1.4.tgz"
  "version" "1.1.4"

"color-name@1.1.3":
  "integrity" "sha1-p9BVi9icQveV3UIyj3QIMcpTvCU="
  "resolved" "https://registry.npmjs.org/color-name/-/color-name-1.1.3.tgz"
  "version" "1.1.3"

"color-string@^1.5.4":
  "integrity" "sha512-57yF5yt8Xa3czSEW1jfQDE79Idk0+AkN/4KWad6tbdxUmAs3MvjxlWSWD4deYytcRfoZ9nhKyFl1kj5tBvidbw=="
  "resolved" "https://registry.npmjs.org/color-string/-/color-string-1.5.4.tgz"
  "version" "1.5.4"
  dependencies:
    "color-name" "^1.0.0"
    "simple-swizzle" "^0.2.2"

"color@^3.1.3":
  "integrity" "sha512-xgXAcTHa2HeFCGLE9Xs/R82hujGtu9Jd9x4NW3T34+OMs7VoPsjwzRczKHvTAHeJwWFwX5j15+MgAppE8ztObQ=="
  "resolved" "https://registry.npmjs.org/color/-/color-3.1.3.tgz"
  "version" "3.1.3"
  dependencies:
    "color-convert" "^1.9.1"
    "color-string" "^1.5.4"

"colorette@^1.2.1":
  "integrity" "sha512-puCDz0CzydiSYOrnXpz/PKd69zRrribezjtE9yd4zvytoRc8+RY/KJPvtPFKZS3E3wP6neGyMe0vOTlHO5L3Pw=="
  "resolved" "https://registry.npmjs.org/colorette/-/colorette-1.2.1.tgz"
  "version" "1.2.1"

"commander@^6.0.0":
  "integrity" "sha512-U7VdrJFnJgo4xjrHpTzu0yrHPGImdsmD95ZlgYSEajAn2JKzDhDTPG9kBTefmObL2w/ngeZnilk+OV9CG3d7UA=="
  "resolved" "https://registry.npmjs.org/commander/-/commander-6.2.1.tgz"
  "version" "6.2.1"

"compare-versions@^3.6.0":
  "integrity" "sha512-W6Af2Iw1z4CB7q4uU4hv646dW9GQuBM+YpC0UvUCWSD8w90SJjp+ujJuXaEMtAXBtSqGfMPuFOVn4/+FlaqfBA=="
  "resolved" "https://registry.npmjs.org/compare-versions/-/compare-versions-3.6.0.tgz"
  "version" "3.6.0"

"concat-map@0.0.1":
  "integrity" "sha1-2Klr13/Wjfd5OnMDajug1UBdR3s="
  "resolved" "https://registry.npmjs.org/concat-map/-/concat-map-0.0.1.tgz"
  "version" "0.0.1"

"cosmiconfig@^7.0.0":
  "integrity" "sha512-pondGvTuVYDk++upghXJabWzL6Kxu6f26ljFw64Swq9v6sQPUL3EUlVDV56diOjpCayKihL6hVe8exIACU4XcA=="
  "resolved" "https://registry.npmjs.org/cosmiconfig/-/cosmiconfig-7.0.0.tgz"
  "version" "7.0.0"
  dependencies:
    "@types/parse-json" "^4.0.0"
    "import-fresh" "^3.2.1"
    "parse-json" "^5.0.0"
    "path-type" "^4.0.0"
    "yaml" "^1.10.0"

"cross-spawn@^7.0.0":
  "integrity" "sha512-iRDPJKUPVEND7dHPO8rkbOnPpyDygcDFtWjpeWNCgy8WP2rXcxXL8TskReQl6OrB2G7+UJrags1q15Fudc7G6w=="
  "resolved" "https://registry.npmjs.org/cross-spawn/-/cross-spawn-7.0.3.tgz"
  "version" "7.0.3"
  dependencies:
    "path-key" "^3.1.0"
    "shebang-command" "^2.0.0"
    "which" "^2.0.1"

"css-unit-converter@^1.1.1":
  "integrity" "sha512-IiJwMC8rdZE0+xiEZHeru6YoONC4rfPMqGm2W85jMIbkFvv5nFTwJVFHam2eFrN6txmoUYFAFXiv8ICVeTO0MA=="
  "resolved" "https://registry.npmjs.org/css-unit-converter/-/css-unit-converter-1.1.2.tgz"
  "version" "1.1.2"

"cssesc@^3.0.0":
  "integrity" "sha512-/Tb/JcjK111nNScGob5MNtsntNM1aCNUDipB/TkwZFhyDrrE47SOx/18wF2bbjgc3ZzCSKW1T5nt5EbFoAz/Vg=="
  "resolved" "https://registry.npmjs.org/cssesc/-/cssesc-3.0.0.tgz"
  "version" "3.0.0"

"defined@^1.0.0":
  "integrity" "sha1-yY2bzvdWdBiOEQlpFRGZ45sfppM="
  "resolved" "https://registry.npmjs.org/defined/-/defined-1.0.0.tgz"
  "version" "1.0.0"

"detective@^5.2.0":
  "integrity" "sha512-6SsIx+nUUbuK0EthKjv0zrdnajCCXVYGmbYYiYjFVpzcjwEs/JMDZ8tPRG29J/HhN56t3GJp2cGSWDRjjot8Pg=="
  "resolved" "https://registry.npmjs.org/detective/-/detective-5.2.0.tgz"
  "version" "5.2.0"
  dependencies:
    "acorn-node" "^1.6.1"
    "defined" "^1.0.0"
    "minimist" "^1.1.1"

"didyoumean@^1.2.1":
  "integrity" "sha1-6S7f2tplN9SE1zwBcv0eugxJdv8="
  "resolved" "https://registry.npmjs.org/didyoumean/-/didyoumean-1.2.1.tgz"
  "version" "1.2.1"

"electron-to-chromium@^1.3.634":
  "integrity" "sha512-b0DLhsHSHESC1I+Nx6n4w4Lr61chMd3m/av1rZQhS2IXTzaS5BMM5N+ldWdMIlni9CITMRM09m8He4+YV/92TA=="
  "resolved" "https://registry.npmjs.org/electron-to-chromium/-/electron-to-chromium-1.3.641.tgz"
  "version" "1.3.641"

"end-of-stream@^1.1.0":
  "integrity" "sha512-+uw1inIHVPQoaVuHzRyXd21icM+cnt4CzD5rW+NC1wjOUSTOs+Te7FOv7AhN7vS9x/oIyhLP5PR1H+phQAHu5Q=="
  "resolved" "https://registry.npmjs.org/end-of-stream/-/end-of-stream-1.4.4.tgz"
  "version" "1.4.4"
  dependencies:
    "once" "^1.4.0"

"error-ex@^1.3.1":
  "integrity" "sha512-7dFHNmqeFSEt2ZBsCriorKnn3Z2pj+fd9kmI6QoWw4//DL+icEBfc0U7qJCisqrTsKTjw4fNFy2pW9OqStD84g=="
  "resolved" "https://registry.npmjs.org/error-ex/-/error-ex-1.3.2.tgz"
  "version" "1.3.2"
  dependencies:
    "is-arrayish" "^0.2.1"

"esbuild@^0.8.7":
  "integrity" "sha512-xXNLXa2SraaAoeTybOMAvOf6KW/DthI3ATXMG+W3yMav1iFpEGvo4XS22AzCPE3rTXbK/7TykxpwI8mD6lYUOg=="
  "resolved" "https://registry.npmjs.org/esbuild/-/esbuild-0.8.20.tgz"
  "version" "0.8.20"

"escalade@^3.1.1":
  "integrity" "sha512-k0er2gUkLf8O0zKJiAhmkTnJlTvINGv7ygDNPbeIsX/TJjGJZHuh9B2UxbsaEkmlEo9MfhrSzmhIlhRlI2GXnw=="
  "resolved" "https://registry.npmjs.org/escalade/-/escalade-3.1.1.tgz"
  "version" "3.1.1"

"escape-string-regexp@^1.0.5":
  "integrity" "sha1-G2HAViGQqN/2rjuyzwIAyhMLhtQ="
  "resolved" "https://registry.npmjs.org/escape-string-regexp/-/escape-string-regexp-1.0.5.tgz"
  "version" "1.0.5"

"execa@^4.0.0":
  "integrity" "sha512-j5W0//W7f8UxAn8hXVnwG8tLwdiUy4FJLcSupCg6maBYZDpyBvTApK7KyuI4bKj8KOh1r2YH+6ucuYtJv1bTZA=="
  "resolved" "https://registry.npmjs.org/execa/-/execa-4.1.0.tgz"
  "version" "4.1.0"
  dependencies:
    "cross-spawn" "^7.0.0"
    "get-stream" "^5.0.0"
    "human-signals" "^1.1.1"
    "is-stream" "^2.0.0"
    "merge-stream" "^2.0.0"
    "npm-run-path" "^4.0.0"
    "onetime" "^5.1.0"
    "signal-exit" "^3.0.2"
    "strip-final-newline" "^2.0.0"

"find-up@^4.1.0":
  "integrity" "sha512-PpOwAdQ/YlXQ2vj8a3h8IipDuYRi3wceVQQGYWxNINccq40Anw7BlsEXCMbt1Zt+OLA6Fq9suIpIWD0OsnISlw=="
  "resolved" "https://registry.npmjs.org/find-up/-/find-up-4.1.0.tgz"
  "version" "4.1.0"
  dependencies:
    "locate-path" "^5.0.0"
    "path-exists" "^4.0.0"

"find-up@^5.0.0":
  "integrity" "sha512-78/PXT1wlLLDgTzDs7sjq9hzz0vXD+zn+7wypEe4fXQxCmdmqfGsEPQxmiCSQI3ajFV91bVSsvNtrJRiW6nGng=="
  "resolved" "https://registry.npmjs.org/find-up/-/find-up-5.0.0.tgz"
  "version" "5.0.0"
  dependencies:
    "locate-path" "^6.0.0"
    "path-exists" "^4.0.0"

"find-versions@^4.0.0":
  "integrity" "sha512-wgpWy002tA+wgmO27buH/9KzyEOQnKsG/R0yrcjPT9BOFm0zRBVQbZ95nRGXWMywS8YR5knRbpohio0bcJABxQ=="
  "resolved" "https://registry.npmjs.org/find-versions/-/find-versions-4.0.0.tgz"
  "version" "4.0.0"
  dependencies:
    "semver-regex" "^3.1.2"

"fraction.js@^4.0.13":
  "integrity" "sha512-E1fz2Xs9ltlUp+qbiyx9wmt2n9dRzPsS11Jtdb8D2o+cC7wr9xkkKsVKJuBX0ST+LVS+LhLO+SbLJNtfWcJvXA=="
  "resolved" "https://registry.npmjs.org/fraction.js/-/fraction.js-4.0.13.tgz"
  "version" "4.0.13"

"fs-extra@^9.0.1":
  "integrity" "sha512-h2iAoN838FqAFJY2/qVpzFXy+EBxfVE220PalAqQLDVsFOHLJrZvut5puAbCdNv6WJk+B8ihI+k0c7JK5erwqQ=="
  "resolved" "https://registry.npmjs.org/fs-extra/-/fs-extra-9.0.1.tgz"
  "version" "9.0.1"
  dependencies:
    "at-least-node" "^1.0.0"
    "graceful-fs" "^4.2.0"
    "jsonfile" "^6.0.1"
    "universalify" "^1.0.0"

"fs.realpath@^1.0.0":
  "integrity" "sha1-FQStJSMVjKpA20onh8sBQRmU6k8="
  "resolved" "https://registry.npmjs.org/fs.realpath/-/fs.realpath-1.0.0.tgz"
  "version" "1.0.0"

"fsevents@^2.2.0":
  "integrity" "sha512-YR47Eg4hChJGAB1O3yEAOkGO+rlzutoICGqGo9EZ4lKWokzZRSyIW1QmTzqjtw8MJdj9srP869CuWw/hyzSiBw=="
  "resolved" "https://registry.npmjs.org/fsevents/-/fsevents-2.3.1.tgz"
  "version" "2.3.1"

"fsevents@~2.1.2":
  "integrity" "sha512-Auw9a4AxqWpa9GUfj370BMPzzyncfBABW8Mab7BGWBYDj4Isgq+cDKtx0i6u9jcX9pQDnswsaaOTgTmA5pEjuQ=="
  "resolved" "https://registry.npmjs.org/fsevents/-/fsevents-2.1.3.tgz"
  "version" "2.1.3"

"function-bind@^1.1.1":
  "integrity" "sha512-yIovAzMX49sF8Yl58fSCWJ5svSLuaibPxXQJFLmBObTuCr0Mf1KiPopGM9NiFjiYBCbfaa2Fh6breQ6ANVTI0A=="
  "resolved" "https://registry.npmjs.org/function-bind/-/function-bind-1.1.1.tgz"
  "version" "1.1.1"

"get-stream@^5.0.0":
  "integrity" "sha512-nBF+F1rAZVCu/p7rjzgA+Yb4lfYXrpl7a6VmJrU8wF9I1CKvP/QwPNZHnOlwbTkY6dvtFIzFMSyQXbLoTQPRpA=="
  "resolved" "https://registry.npmjs.org/get-stream/-/get-stream-5.2.0.tgz"
  "version" "5.2.0"
  dependencies:
    "pump" "^3.0.0"

"glob@^7.0.0", "glob@^7.1.2":
  "integrity" "sha512-LwaxwyZ72Lk7vZINtNNrywX0ZuLyStrdDtabefZKAY5ZGJhVtgdznluResxNmPitE0SAO+O26sWTHeKSI2wMBA=="
  "resolved" "https://registry.npmjs.org/glob/-/glob-7.1.6.tgz"
  "version" "7.1.6"
  dependencies:
    "fs.realpath" "^1.0.0"
    "inflight" "^1.0.4"
    "inherits" "2"
    "minimatch" "^3.0.4"
    "once" "^1.3.0"
    "path-is-absolute" "^1.0.0"

"graceful-fs@^4.1.6", "graceful-fs@^4.2.0":
  "integrity" "sha512-WjKPNJF79dtJAVniUlGGWHYGz2jWxT6VhN/4m1NdkbZ2nOsEF+cI1Edgql5zCRhs/VsQYRvrXctxktVXZUkixw=="
  "resolved" "https://registry.npmjs.org/graceful-fs/-/graceful-fs-4.2.4.tgz"
  "version" "4.2.4"

"has-flag@^3.0.0":
  "integrity" "sha1-tdRU3CGZriJWmfNGfloH87lVuv0="
  "resolved" "https://registry.npmjs.org/has-flag/-/has-flag-3.0.0.tgz"
  "version" "3.0.0"

"has-flag@^4.0.0":
  "integrity" "sha512-EykJT/Q1KjTWctppgIAgfSO0tKVuZUjhgMr17kqTumMl6Afv3EISleU7qZUzoXDFTAHTDC4NOoG/ZxU3EvlMPQ=="
  "resolved" "https://registry.npmjs.org/has-flag/-/has-flag-4.0.0.tgz"
  "version" "4.0.0"

"has@^1.0.3":
  "integrity" "sha512-f2dvO0VU6Oej7RkWJGrehjbzMAjFp5/VKPp5tTpWIV4JHHZK1/BxbFRtf/siA2SWTe09caDmVtYYzWEIbBS4zw=="
  "resolved" "https://registry.npmjs.org/has/-/has-1.0.3.tgz"
  "version" "1.0.3"
  dependencies:
    "function-bind" "^1.1.1"

"html-tags@^3.1.0":
  "integrity" "sha512-1qYz89hW3lFDEazhjW0yVAV87lw8lVkrJocr72XmBkMKsoSVJCQx3W8BXsC7hO2qAt8BoVjYjtAcZ9perqGnNg=="
  "resolved" "https://registry.npmjs.org/html-tags/-/html-tags-3.1.0.tgz"
  "version" "3.1.0"

"human-signals@^1.1.1":
  "integrity" "sha512-SEQu7vl8KjNL2eoGBLF3+wAjpsNfA9XMlXAYj/3EdaNfAlxKthD1xjEQfGOUhllCGGJVNY34bRr6lPINhNjyZw=="
  "resolved" "https://registry.npmjs.org/human-signals/-/human-signals-1.1.1.tgz"
  "version" "1.1.1"

"husky@^4.3.8":
  "integrity" "sha512-LCqqsB0PzJQ/AlCgfrfzRe3e3+NvmefAdKQhRYpxS4u6clblBoDdzzvHi8fmxKRzvMxPY/1WZWzomPZww0Anow=="
  "resolved" "https://registry.npmjs.org/husky/-/husky-4.3.8.tgz"
  "version" "4.3.8"
  dependencies:
    "chalk" "^4.0.0"
    "ci-info" "^2.0.0"
    "compare-versions" "^3.6.0"
    "cosmiconfig" "^7.0.0"
    "find-versions" "^4.0.0"
    "opencollective-postinstall" "^2.0.2"
    "pkg-dir" "^5.0.0"
    "please-upgrade-node" "^3.2.0"
    "slash" "^3.0.0"
    "which-pm-runs" "^1.0.0"

"ignore@^5.1.4":
  "integrity" "sha512-BMpfD7PpiETpBl/A6S498BaIJ6Y/ABT93ETbby2fP00v4EbvPBXWEoaR1UBPKs3iR53pJY7EtZk5KACI57i1Uw=="
  "resolved" "https://registry.npmjs.org/ignore/-/ignore-5.1.8.tgz"
  "version" "5.1.8"

"import-fresh@^3.2.1":
  "integrity" "sha512-cTPNrlvJT6twpYy+YmKUKrTSjWFs3bjYjAhCwm+z4EOCubZxAuO+hHpRN64TqjEaYSHs7tJAE0w1CKMGmsG/lw=="
  "resolved" "https://registry.npmjs.org/import-fresh/-/import-fresh-3.2.2.tgz"
  "version" "3.2.2"
  dependencies:
    "parent-module" "^1.0.0"
    "resolve-from" "^4.0.0"

"indexes-of@^1.0.1":
  "integrity" "sha1-8w9xbI4r00bHtn0985FVZqfAVgc="
  "resolved" "https://registry.npmjs.org/indexes-of/-/indexes-of-1.0.1.tgz"
  "version" "1.0.1"

"inflight@^1.0.4":
  "integrity" "sha1-Sb1jMdfQLQwJvJEKEHW6gWW1bfk="
  "resolved" "https://registry.npmjs.org/inflight/-/inflight-1.0.6.tgz"
  "version" "1.0.6"
  dependencies:
    "once" "^1.3.0"
    "wrappy" "1"

"inherits@2":
  "integrity" "sha512-k/vGaX4/Yla3WzyMCvTQOXYeIHvqOKtnqBduzTHpzpQZzAskKMhZ2K+EnBiSM9zGSoIFeMpXKxa4dYeZIQqewQ=="
  "resolved" "https://registry.npmjs.org/inherits/-/inherits-2.0.4.tgz"
  "version" "2.0.4"

"is-arrayish@^0.2.1":
  "integrity" "sha1-d8mYQFJ6qOyxqLppe4BkWnqSap0="
  "resolved" "https://registry.npmjs.org/is-arrayish/-/is-arrayish-0.2.1.tgz"
  "version" "0.2.1"

"is-arrayish@^0.3.1":
  "integrity" "sha512-eVRqCvVlZbuw3GrM63ovNSNAeA1K16kaR/LRY/92w0zxQ5/1YzwblUX652i4Xs9RwAGjW9d9y6X88t8OaAJfWQ=="
  "resolved" "https://registry.npmjs.org/is-arrayish/-/is-arrayish-0.3.2.tgz"
  "version" "0.3.2"

"is-core-module@^2.1.0":
  "integrity" "sha512-YcV7BgVMRFRua2FqQzKtTDMz8iCuLEyGKjr70q8Zm1yy2qKcurbFEd79PAdHV77oL3NrAaOVQIbMmiHQCHB7ZA=="
  "resolved" "https://registry.npmjs.org/is-core-module/-/is-core-module-2.1.0.tgz"
  "version" "2.1.0"
  dependencies:
    "has" "^1.0.3"

"is-docker@^2.0.0":
  "integrity" "sha512-ZOoqiXfEwtGknTiuDEy8pN2CfE3TxMHprvNer1mXiqwkOT77Rw3YVrUQ52EqAOU3QAWDQ+bQdx7HJzrv7LS2Hw=="
  "resolved" "https://registry.npmjs.org/is-docker/-/is-docker-2.1.1.tgz"
  "version" "2.1.1"

"is-stream@^2.0.0":
  "integrity" "sha512-XCoy+WlUr7d1+Z8GgSuXmpuUFC9fOhRXglJMx+dwLKTkL44Cjd4W1Z5P+BQZpr+cR93aGP4S/s7Ftw6Nd/kiEw=="
  "resolved" "https://registry.npmjs.org/is-stream/-/is-stream-2.0.0.tgz"
  "version" "2.0.0"

"is-wsl@^2.1.1":
  "integrity" "sha512-fKzAra0rGJUUBwGBgNkHZuToZcn+TtXHpeCgmkMJMMYx1sQDYaCSyjJBSCa2nH1DGm7s3n1oBnohoVTBaN7Lww=="
  "resolved" "https://registry.npmjs.org/is-wsl/-/is-wsl-2.2.0.tgz"
  "version" "2.2.0"
  dependencies:
    "is-docker" "^2.0.0"

"isexe@^2.0.0":
  "integrity" "sha1-6PvzdNxVb/iUehDcsFctYz8s+hA="
  "resolved" "https://registry.npmjs.org/isexe/-/isexe-2.0.0.tgz"
  "version" "2.0.0"

"js-tokens@^4.0.0":
  "integrity" "sha512-RdJUflcE3cUzKiMqQgsCu06FPu9UdIJO0beYbPhHN4k6apgJtifcoCtT9bcxOpYBtpD2kCM6Sbzg4CausW/PKQ=="
  "resolved" "https://registry.npmjs.org/js-tokens/-/js-tokens-4.0.0.tgz"
  "version" "4.0.0"

"json-parse-even-better-errors@^2.3.0":
  "integrity" "sha512-xyFwyhro/JEof6Ghe2iz2NcXoj2sloNsWr/XsERDK/oiPCfaNhl5ONfp+jQdAZRQQ0IJWNzH9zIZF7li91kh2w=="
  "resolved" "https://registry.npmjs.org/json-parse-even-better-errors/-/json-parse-even-better-errors-2.3.1.tgz"
  "version" "2.3.1"

"jsonfile@^6.0.1":
  "integrity" "sha512-5dgndWOriYSm5cnYaJNhalLNDKOqFwyDB/rr1E9ZsGciGvKPs8R2xYGCacuf3z6K1YKDz182fd+fY3cn3pMqXQ=="
  "resolved" "https://registry.npmjs.org/jsonfile/-/jsonfile-6.1.0.tgz"
  "version" "6.1.0"
  dependencies:
    "graceful-fs" "^4.1.6"
    "universalify" "^2.0.0"
  optionalDependencies:
    "graceful-fs" "^4.1.6"

"lines-and-columns@^1.1.6":
  "integrity" "sha1-HADHQ7QzzQpOgHWPe2SldEDZ/wA="
  "resolved" "https://registry.npmjs.org/lines-and-columns/-/lines-and-columns-1.1.6.tgz"
  "version" "1.1.6"

"locate-path@^5.0.0":
  "integrity" "sha512-t7hw9pI+WvuwNJXwk5zVHpyhIqzg2qTlklJOf0mVxGSbe3Fp2VieZcduNYjaLDoy6p9uGpQEGWG87WpMKlNq8g=="
  "resolved" "https://registry.npmjs.org/locate-path/-/locate-path-5.0.0.tgz"
  "version" "5.0.0"
  dependencies:
    "p-locate" "^4.1.0"

"locate-path@^6.0.0":
  "integrity" "sha512-iPZK6eYjbxRu3uB4/WZ3EsEIMJFMqAoopl3R+zuq0UjcAm/MO6KCweDgPfP3elTztoKP3KtnVHxTn2NHBSDVUw=="
  "resolved" "https://registry.npmjs.org/locate-path/-/locate-path-6.0.0.tgz"
  "version" "6.0.0"
  dependencies:
    "p-locate" "^5.0.0"

"lodash.toarray@^4.4.0":
  "integrity" "sha1-JMS/zWsvuji/0FlNsRedjptlZWE="
  "resolved" "https://registry.npmjs.org/lodash.toarray/-/lodash.toarray-4.4.0.tgz"
  "version" "4.4.0"

"lodash@^4.17.20":
  "integrity" "sha512-PlhdFcillOINfeV7Ni6oF1TAEayyZBoZ8bcshTHqOYJYlrqzRK5hagpagky5o4HfCzzd1TRkXPMFq6cKk9rGmA=="
  "resolved" "https://registry.npmjs.org/lodash/-/lodash-4.17.20.tgz"
  "version" "4.17.20"

"merge-stream@^2.0.0":
  "integrity" "sha512-abv/qOcuPfk3URPfDzmZU1LKmuw8kT+0nIHvKrKgFrwifol/doWcdA4ZqsWQ8ENrFKkd67Mfpo/LovbIUsbt3w=="
  "resolved" "https://registry.npmjs.org/merge-stream/-/merge-stream-2.0.0.tgz"
  "version" "2.0.0"

"mimic-fn@^2.1.0":
  "integrity" "sha512-OqbOk5oEQeAZ8WXWydlu9HJjz9WVdEIvamMCcXmuqUYjTknH/sqsWvhQ3vgwKFRR1HpjvNBKQ37nbJgYzGqGcg=="
  "resolved" "https://registry.npmjs.org/mimic-fn/-/mimic-fn-2.1.0.tgz"
  "version" "2.1.0"

"minimatch@^3.0.4":
  "integrity" "sha512-yJHVQEhyqPLUTgt9B83PXu6W3rx4MvvHvSUvToogpwoGDOUQ+yDrR0HRot+yOCdCO7u4hX3pWft6kWBBcqh0UA=="
  "resolved" "https://registry.npmjs.org/minimatch/-/minimatch-3.0.4.tgz"
  "version" "3.0.4"
  dependencies:
    "brace-expansion" "^1.1.7"

"minimist@^1.1.1":
  "integrity" "sha512-FM9nNUYrRBAELZQT3xeZQ7fmMOBg6nWNmJKTcgsJeaLstP/UODVpGsr5OhXhhXg6f+qtJ8uiZ+PUxkDWcgIXLw=="
  "resolved" "https://registry.npmjs.org/minimist/-/minimist-1.2.5.tgz"
  "version" "1.2.5"

"modern-normalize@^1.0.0":
  "integrity" "sha512-1lM+BMLGuDfsdwf3rsgBSrxJwAZHFIrQ8YR61xIqdHo0uNKI9M52wNpHSrliZATJp51On6JD0AfRxd4YGSU0lw=="
  "resolved" "https://registry.npmjs.org/modern-normalize/-/modern-normalize-1.0.0.tgz"
  "version" "1.0.0"

"mri@^1.1.5":
  "integrity" "sha512-oi1b3MfbyGa7FJMP9GmLTttni5JoICpYBRlq+x5V16fZbLsnL9N3wFqqIm/nIG43FjUFkFh9Epzp/kzUGUnJxQ=="
  "resolved" "https://registry.npmjs.org/mri/-/mri-1.1.6.tgz"
  "version" "1.1.6"

"multimatch@^4.0.0":
  "integrity" "sha512-lDmx79y1z6i7RNx0ZGCPq1bzJ6ZoDDKbvh7jxr9SJcWLkShMzXrHbYVpTdnhNM5MXpDUxCQ4DgqVttVXlBgiBQ=="
  "resolved" "https://registry.npmjs.org/multimatch/-/multimatch-4.0.0.tgz"
  "version" "4.0.0"
  dependencies:
    "@types/minimatch" "^3.0.3"
    "array-differ" "^3.0.0"
    "array-union" "^2.1.0"
    "arrify" "^2.0.1"
    "minimatch" "^3.0.4"

"nanoid@^3.1.20":
  "integrity" "sha512-a1cQNyczgKbLX9jwbS/+d7W8fX/RfgYR7lVWwWOGIPNgK2m0MWvrGF6/m4kk6U3QcFMnZf3RIhL0v2Jgh/0Uxw=="
  "resolved" "https://registry.npmjs.org/nanoid/-/nanoid-3.1.20.tgz"
  "version" "3.1.20"

"node-emoji@^1.8.1":
  "integrity" "sha512-Yt3384If5H6BYGVHiHwTL+99OzJKHhgp82S8/dktEK73T26BazdgZ4JZh92xSVtGNJvz9UbXdNAc5hcrXV42vw=="
  "resolved" "https://registry.npmjs.org/node-emoji/-/node-emoji-1.10.0.tgz"
  "version" "1.10.0"
  dependencies:
    "lodash.toarray" "^4.4.0"

"node-releases@^1.1.69":
  "integrity" "sha512-Slf2s69+2/uAD79pVVQo8uSiC34+g8GWY8UH2Qtqv34ZfhYrxpYpfzs9Js9d6O0mbDmALuxaTlplnBTnSELcrw=="
  "resolved" "https://registry.npmjs.org/node-releases/-/node-releases-1.1.70.tgz"
  "version" "1.1.70"

"normalize-range@^0.1.2":
  "integrity" "sha1-LRDAa9/TEuqXd2laTShDlFa3WUI="
  "resolved" "https://registry.npmjs.org/normalize-range/-/normalize-range-0.1.2.tgz"
  "version" "0.1.2"

"npm-run-path@^4.0.0":
  "integrity" "sha512-S48WzZW777zhNIrn7gxOlISNAqi9ZC/uQFnRdbeIHhZhCA6UqpkOT8T1G7BvfdgP4Er8gF4sUbaS0i7QvIfCWw=="
  "resolved" "https://registry.npmjs.org/npm-run-path/-/npm-run-path-4.0.1.tgz"
  "version" "4.0.1"
  dependencies:
    "path-key" "^3.0.0"

"object-assign@^4.1.1":
  "integrity" "sha1-IQmtx5ZYh8/AXLvUQsrIv7s2CGM="
  "resolved" "https://registry.npmjs.org/object-assign/-/object-assign-4.1.1.tgz"
  "version" "4.1.1"

"object-hash@^2.0.3":
  "integrity" "sha512-JPKn0GMu+Fa3zt3Bmr66JhokJU5BaNBIh4ZeTlaCBzrBsOeXzwcKKAK1tbLiPKgvwmPXsDvvLHoWh5Bm7ofIYg=="
  "resolved" "https://registry.npmjs.org/object-hash/-/object-hash-2.0.3.tgz"
  "version" "2.0.3"

"once@^1.3.0", "once@^1.3.1", "once@^1.4.0":
  "integrity" "sha1-WDsap3WWHUsROsF9nFC6753Xa9E="
  "resolved" "https://registry.npmjs.org/once/-/once-1.4.0.tgz"
  "version" "1.4.0"
  dependencies:
    "wrappy" "1"

"onetime@^5.1.0":
  "integrity" "sha512-kbpaSSGJTWdAY5KPVeMOKXSrPtr8C8C7wodJbcsd51jRnmD+GZu8Y0VoU6Dm5Z4vWr0Ig/1NKuWRKf7j5aaYSg=="
  "resolved" "https://registry.npmjs.org/onetime/-/onetime-5.1.2.tgz"
  "version" "5.1.2"
  dependencies:
    "mimic-fn" "^2.1.0"

"open@^7.0.4":
  "integrity" "sha512-mgLwQIx2F/ye9SmbrUkurZCnkoXyXyu9EbHtJZrICjVAJfyMArdHp3KkixGdZx1ZHFPNIwl0DDM1dFFqXbTLZw=="
  "resolved" "https://registry.npmjs.org/open/-/open-7.3.0.tgz"
  "version" "7.3.0"
  dependencies:
    "is-docker" "^2.0.0"
    "is-wsl" "^2.1.1"

"opencollective-postinstall@^2.0.2":
  "integrity" "sha512-8AV/sCtuzUeTo8gQK5qDZzARrulB3egtLzFgteqB2tcT4Mw7B8Kt7JcDHmltjz6FOAHsvTevk70gZEbhM4ZS9Q=="
  "resolved" "https://registry.npmjs.org/opencollective-postinstall/-/opencollective-postinstall-2.0.3.tgz"
  "version" "2.0.3"

"p-limit@^2.2.0":
  "integrity" "sha512-//88mFWSJx8lxCzwdAABTJL2MyWB12+eIY7MDL2SqLmAkeKU9qxRvWuSyTjm3FUmpBEMuFfckAIqEaVGUDxb6w=="
  "resolved" "https://registry.npmjs.org/p-limit/-/p-limit-2.3.0.tgz"
  "version" "2.3.0"
  dependencies:
    "p-try" "^2.0.0"

"p-limit@^3.0.2":
  "integrity" "sha512-iwqZSOoWIW+Ew4kAGUlN16J4M7OB3ysMLSZtnhmqx7njIHFPlxWBX8xo3lVTyFVq6mI/lL9qt2IsN1sHwaxJkg=="
  "resolved" "https://registry.npmjs.org/p-limit/-/p-limit-3.0.2.tgz"
  "version" "3.0.2"
  dependencies:
    "p-try" "^2.0.0"

"p-locate@^4.1.0":
  "integrity" "sha512-R79ZZ/0wAxKGu3oYMlz8jy/kbhsNrS7SKZ7PxEHBgJ5+F2mtFW2fK2cOtBh1cHYkQsbzFV7I+EoRKe6Yt0oK7A=="
  "resolved" "https://registry.npmjs.org/p-locate/-/p-locate-4.1.0.tgz"
  "version" "4.1.0"
  dependencies:
    "p-limit" "^2.2.0"

"p-locate@^5.0.0":
  "integrity" "sha512-LaNjtRWUBY++zB5nE/NwcaoMylSPk+S+ZHNB1TzdbMJMny6dynpAGt7X/tl/QYq3TIeE6nxHppbo2LGymrG5Pw=="
  "resolved" "https://registry.npmjs.org/p-locate/-/p-locate-5.0.0.tgz"
  "version" "5.0.0"
  dependencies:
    "p-limit" "^3.0.2"

"p-try@^2.0.0":
  "integrity" "sha512-R4nPAVTAU0B9D35/Gk3uJf/7XYbQcyohSKdvAxIRSNghFl4e71hVoGnBNQz9cWaXxO2I10KTC+3jMdvvoKw6dQ=="
  "resolved" "https://registry.npmjs.org/p-try/-/p-try-2.2.0.tgz"
  "version" "2.2.0"

"parent-module@^1.0.0":
  "integrity" "sha512-GQ2EWRpQV8/o+Aw8YqtfZZPfNRWZYkbidE9k5rpl/hC3vtHHBfGm2Ifi6qWV+coDGkrUKZAxE3Lot5kcsRlh+g=="
  "resolved" "https://registry.npmjs.org/parent-module/-/parent-module-1.0.1.tgz"
  "version" "1.0.1"
  dependencies:
    "callsites" "^3.0.0"

"parse-json@^5.0.0":
  "integrity" "sha512-+mi/lmVVNKFNVyLXV31ERiy2CY5E1/F6QtJFEzoChPRwwngMNXRDQ9GJ5WdE2Z2P4AujsOi0/+2qHID68KwfIQ=="
  "resolved" "https://registry.npmjs.org/parse-json/-/parse-json-5.1.0.tgz"
  "version" "5.1.0"
  dependencies:
    "@babel/code-frame" "^7.0.0"
    "error-ex" "^1.3.1"
    "json-parse-even-better-errors" "^2.3.0"
    "lines-and-columns" "^1.1.6"

"path-exists@^4.0.0":
  "integrity" "sha512-ak9Qy5Q7jYb2Wwcey5Fpvg2KoAc/ZIhLSLOSBmRmygPsGwkVVt0fZa0qrtMz+m6tJTAHfZQ8FnmB4MG4LWy7/w=="
  "resolved" "https://registry.npmjs.org/path-exists/-/path-exists-4.0.0.tgz"
  "version" "4.0.0"

"path-is-absolute@^1.0.0":
  "integrity" "sha1-F0uSaHNVNP+8es5r9TpanhtcX18="
  "resolved" "https://registry.npmjs.org/path-is-absolute/-/path-is-absolute-1.0.1.tgz"
  "version" "1.0.1"

"path-key@^3.0.0", "path-key@^3.1.0":
  "integrity" "sha512-ojmeN0qd+y0jszEtoY48r0Peq5dwMEkIlCOu6Q5f41lfkswXuKtYrhgoTpLnyIcHm24Uhqx+5Tqm2InSwLhE6Q=="
  "resolved" "https://registry.npmjs.org/path-key/-/path-key-3.1.1.tgz"
  "version" "3.1.1"

"path-parse@^1.0.6":
  "integrity" "sha512-GSmOT2EbHrINBf9SR7CDELwlJ8AENk3Qn7OikK4nFYAu3Ote2+JYNVvkpAEQm3/TLNEJFD/xZJjzyxg3KBWOzw=="
  "resolved" "https://registry.npmjs.org/path-parse/-/path-parse-1.0.6.tgz"
  "version" "1.0.6"

"path-type@^4.0.0":
  "integrity" "sha512-gDKb8aZMDeD/tZWs9P6+q0J9Mwkdl6xMV8TjnGP3qJVJ06bdMgkbBlLU8IdfOsIsFz2BW1rNVT3XuNEl8zPAvw=="
  "resolved" "https://registry.npmjs.org/path-type/-/path-type-4.0.0.tgz"
  "version" "4.0.0"

"pkg-dir@^5.0.0":
  "integrity" "sha512-NPE8TDbzl/3YQYY7CSS228s3g2ollTFnc+Qi3tqmqJp9Vg2ovUpixcJEo2HJScN2Ez+kEaal6y70c0ehqJBJeA=="
  "resolved" "https://registry.npmjs.org/pkg-dir/-/pkg-dir-5.0.0.tgz"
  "version" "5.0.0"
  dependencies:
    "find-up" "^5.0.0"

"please-upgrade-node@^3.2.0":
  "integrity" "sha512-gQR3WpIgNIKwBMVLkpMUeR3e1/E1y42bqDQZfql+kDeXd8COYfM8PQA4X6y7a8u9Ua9FHmsrrmirW2vHs45hWg=="
  "resolved" "https://registry.npmjs.org/please-upgrade-node/-/please-upgrade-node-3.2.0.tgz"
  "version" "3.2.0"
  dependencies:
    "semver-compare" "^1.0.0"

"postcss-functions@^3":
  "integrity" "sha1-DpTQFERwCkgd4g3k1V+yZAVkJQ4="
  "resolved" "https://registry.npmjs.org/postcss-functions/-/postcss-functions-3.0.0.tgz"
  "version" "3.0.0"
  dependencies:
    "glob" "^7.1.2"
    "object-assign" "^4.1.1"
    "postcss" "^6.0.9"
    "postcss-value-parser" "^3.3.0"

"postcss-js@^3.0.3":
  "integrity" "sha512-gWnoWQXKFw65Hk/mi2+WTQTHdPD5UJdDXZmX073EY/B3BWnYjO4F4t0VneTCnCGQ5E5GsCdMkzPaTXwl3r5dJw=="
  "resolved" "https://registry.npmjs.org/postcss-js/-/postcss-js-3.0.3.tgz"
  "version" "3.0.3"
  dependencies:
    "camelcase-css" "^2.0.1"
    "postcss" "^8.1.6"

"postcss-nested@^5.0.1":
  "integrity" "sha512-R2LHPw+u5hFfDgJG748KpGbJyTv7Yr33/2tIMWxquYuHTd9EXu27PYnKi7BxMXLtzKC0a0WVsqHtd7qIluQu/g=="
  "resolved" "https://registry.npmjs.org/postcss-nested/-/postcss-nested-5.0.3.tgz"
  "version" "5.0.3"
  dependencies:
    "postcss-selector-parser" "^6.0.4"

"postcss-selector-parser@^6.0.2", "postcss-selector-parser@^6.0.4":
  "integrity" "sha512-gjMeXBempyInaBqpp8gODmwZ52WaYsVOsfr4L4lDQ7n3ncD6mEyySiDtgzCT+NYC0mmeOLvtsF8iaEf0YT6dBw=="
  "resolved" "https://registry.npmjs.org/postcss-selector-parser/-/postcss-selector-parser-6.0.4.tgz"
  "version" "6.0.4"
  dependencies:
    "cssesc" "^3.0.0"
    "indexes-of" "^1.0.1"
    "uniq" "^1.0.1"
    "util-deprecate" "^1.0.2"

"postcss-value-parser@^3.3.0":
  "integrity" "sha512-pISE66AbVkp4fDQ7VHBwRNXzAAKJjw4Vw7nWI/+Q3vuly7SNfgYXvm6i5IgFylHGK5sP/xHAbB7N49OS4gWNyQ=="
  "resolved" "https://registry.npmjs.org/postcss-value-parser/-/postcss-value-parser-3.3.1.tgz"
  "version" "3.3.1"

"postcss-value-parser@^4.1.0":
  "integrity" "sha512-97DXOFbQJhk71ne5/Mt6cOu6yxsSfM0QGQyl0L25Gca4yGWEGJaig7l7gbCX623VqTBNGLRLaVUCnNkcedlRSQ=="
  "resolved" "https://registry.npmjs.org/postcss-value-parser/-/postcss-value-parser-4.1.0.tgz"
  "version" "4.1.0"

"postcss@^6.0.9":
  "integrity" "sha512-soOk1h6J3VMTZtVeVpv15/Hpdl2cBLX3CAw4TAbkpTJiNPk9YP/zWcD1ND+xEtvyuuvKzbxliTOIyvkSeSJ6ag=="
  "resolved" "https://registry.npmjs.org/postcss/-/postcss-6.0.23.tgz"
  "version" "6.0.23"
  dependencies:
    "chalk" "^2.4.1"
    "source-map" "^0.6.1"
    "supports-color" "^5.4.0"

"postcss@^8.0.9", "postcss@^8.1.0", "postcss@^8.1.13", "postcss@^8.1.6", "postcss@^8.2.1":
  "integrity" "sha512-kRFftRoExRVXZlwUuay9iC824qmXPcQQVzAjbCCgjpXnkdMCJYBu2gTwAaFBzv8ewND6O8xFb3aELmEkh9zTzg=="
  "resolved" "https://registry.npmjs.org/postcss/-/postcss-8.2.4.tgz"
  "version" "8.2.4"
  dependencies:
    "colorette" "^1.2.1"
    "nanoid" "^3.1.20"
    "source-map" "^0.6.1"

"prettier@^2.0.5", "prettier@>=2.0.0":
  "integrity" "sha512-PqyhM2yCjg/oKkFPtTGUojv7gnZAoG80ttl45O6x2Ug/rMJw4wcc9k6aaf2hibP7BGVCCM33gZoGjyvt9mm16Q=="
  "resolved" "https://registry.npmjs.org/prettier/-/prettier-2.2.1.tgz"
  "version" "2.2.1"

"pretty-hrtime@^1.0.3":
  "integrity" "sha1-t+PqQkNaTJsnWdmeDyAesZWALuE="
  "resolved" "https://registry.npmjs.org/pretty-hrtime/-/pretty-hrtime-1.0.3.tgz"
  "version" "1.0.3"

"pretty-quick@^3.1.0":
  "integrity" "sha512-DtxIxksaUWCgPFN7E1ZZk4+Aav3CCuRdhrDSFZENb404sYMtuo9Zka823F+Mgeyt8Zt3bUiCjFzzWYE9LYqkmQ=="
  "resolved" "https://registry.npmjs.org/pretty-quick/-/pretty-quick-3.1.0.tgz"
  "version" "3.1.0"
  dependencies:
    "chalk" "^3.0.0"
    "execa" "^4.0.0"
    "find-up" "^4.1.0"
    "ignore" "^5.1.4"
    "mri" "^1.1.5"
    "multimatch" "^4.0.0"

"pump@^3.0.0":
  "integrity" "sha512-LwZy+p3SFs1Pytd/jYct4wpv49HiYCqd9Rlc5ZVdk0V+8Yzv6jR5Blk3TRmPL1ft69TxP0IMZGJ+WPFU2BFhww=="
  "resolved" "https://registry.npmjs.org/pump/-/pump-3.0.0.tgz"
  "version" "3.0.0"
  dependencies:
    "end-of-stream" "^1.1.0"
    "once" "^1.3.1"

"purgecss@^3.1.3":
  "integrity" "sha512-hRSLN9mguJ2lzlIQtW4qmPS2kh6oMnA9RxdIYK8sz18QYqd6ePp4GNDl18oWHA1f2v2NEQIh51CO8s/E3YGckQ=="
  "resolved" "https://registry.npmjs.org/purgecss/-/purgecss-3.1.3.tgz"
  "version" "3.1.3"
  dependencies:
    "commander" "^6.0.0"
    "glob" "^7.0.0"
    "postcss" "^8.2.1"
    "postcss-selector-parser" "^6.0.2"

"reduce-css-calc@^2.1.6":
  "integrity" "sha512-fDnlZ+AybAS3C7Q9xDq5y8A2z+lT63zLbynew/lur/IR24OQF5x98tfNwf79mzEdfywZ0a2wpM860FhFfMxZlA=="
  "resolved" "https://registry.npmjs.org/reduce-css-calc/-/reduce-css-calc-2.1.7.tgz"
  "version" "2.1.7"
  dependencies:
    "css-unit-converter" "^1.1.1"
    "postcss-value-parser" "^3.3.0"

"resolve-from@^4.0.0":
  "integrity" "sha512-pb/MYmXstAkysRFx8piNI1tGFNQIFA3vkE3Gq4EuA1dF6gHp/+vgZqsCGJapvy8N3Q+4o7FwvquPJcnZ7RYy4g=="
  "resolved" "https://registry.npmjs.org/resolve-from/-/resolve-from-4.0.0.tgz"
  "version" "4.0.0"

"resolve@^1.19.0":
  "integrity" "sha512-rArEXAgsBG4UgRGcynxWIWKFvh/XZCcS8UJdHhwy91zwAvCZIbcs+vAbflgBnNjYMs/i/i+/Ux6IZhML1yPvxg=="
  "resolved" "https://registry.npmjs.org/resolve/-/resolve-1.19.0.tgz"
  "version" "1.19.0"
  dependencies:
    "is-core-module" "^2.1.0"
    "path-parse" "^1.0.6"

"rollup@^2.34.0":
  "integrity" "sha512-mvtQLqu3cNeoctS+kZ09iOPxrc1P1/Bt1z15enuQ5feyKOdM3MJAVFjjsygurDpSWn530xB4AlA83TWIzRstXA=="
  "resolved" "https://registry.npmjs.org/rollup/-/rollup-2.34.2.tgz"
  "version" "2.34.2"
  dependencies:
    "fsevents" "~2.1.2"
  optionalDependencies:
    "fsevents" "~2.1.2"

"semver-compare@^1.0.0":
  "integrity" "sha1-De4hahyUGrN+nvsXiPavxf9VN/w="
  "resolved" "https://registry.npmjs.org/semver-compare/-/semver-compare-1.0.0.tgz"
  "version" "1.0.0"

"semver-regex@^3.1.2":
  "integrity" "sha512-bXWyL6EAKOJa81XG1OZ/Yyuq+oT0b2YLlxx7c+mrdYPaPbnj6WgVULXhinMIeZGufuUBu/eVRqXEhiv4imfwxA=="
  "resolved" "https://registry.npmjs.org/semver-regex/-/semver-regex-3.1.2.tgz"
  "version" "3.1.2"

"shebang-command@^2.0.0":
  "integrity" "sha512-kHxr2zZpYtdmrN1qDjrrX/Z1rR1kG8Dx+gkpK1G4eXmvXswmcE1hTWBWYUzlraYw1/yZp6YuDY77YtvbN0dmDA=="
  "resolved" "https://registry.npmjs.org/shebang-command/-/shebang-command-2.0.0.tgz"
  "version" "2.0.0"
  dependencies:
    "shebang-regex" "^3.0.0"

"shebang-regex@^3.0.0":
  "integrity" "sha512-7++dFhtcx3353uBaq8DDR4NuxBetBzC7ZQOhmTQInHEd6bSrXdiEyzCvG07Z44UYdLShWUyXt5M/yhz8ekcb1A=="
  "resolved" "https://registry.npmjs.org/shebang-regex/-/shebang-regex-3.0.0.tgz"
  "version" "3.0.0"

"signal-exit@^3.0.2":
  "integrity" "sha512-VUJ49FC8U1OxwZLxIbTTrDvLnf/6TDgxZcK8wxR8zs13xpx7xbG60ndBlhNrFi2EMuFRoeDoJO7wthSLq42EjA=="
  "resolved" "https://registry.npmjs.org/signal-exit/-/signal-exit-3.0.3.tgz"
  "version" "3.0.3"

"simple-swizzle@^0.2.2":
  "integrity" "sha1-pNprY1/8zMoz9w0Xy5JZLeleVXo="
  "resolved" "https://registry.npmjs.org/simple-swizzle/-/simple-swizzle-0.2.2.tgz"
  "version" "0.2.2"
  dependencies:
    "is-arrayish" "^0.3.1"

"slash@^3.0.0":
  "integrity" "sha512-g9Q1haeby36OSStwb4ntCGGGaKsaVSjQ68fBxoQcutl5fS1vuY18H3wSt3jFyFtrkx+Kz0V1G85A4MyAdDMi2Q=="
  "resolved" "https://registry.npmjs.org/slash/-/slash-3.0.0.tgz"
  "version" "3.0.0"

"snowpack@^3.0.11":
  "integrity" "sha512-lBxgkvWTgdg0szE31JUt01wQkA9Lnmm+6lxqeV9rxDfflpx7ASnldVHFvu7Se70QJmPTQB0UJjfKI+xmYGwiiQ=="
  "resolved" "https://registry.npmjs.org/snowpack/-/snowpack-3.0.11.tgz"
  "version" "3.0.11"
  dependencies:
    "esbuild" "^0.8.7"
    "fsevents" "^2.2.0"
    "open" "^7.0.4"
    "rollup" "^2.34.0"
  optionalDependencies:
    "fsevents" "^2.2.0"

"source-map@^0.6.1":
  "integrity" "sha512-UjgapumWlbMhkBgzT7Ykc5YXUT46F0iKu8SGXq0bcwP5dz/h0Plj6enJqjz1Zbq2l5WaqYnrVbwWOWMyF3F47g=="
  "resolved" "https://registry.npmjs.org/source-map/-/source-map-0.6.1.tgz"
  "version" "0.6.1"

"strip-final-newline@^2.0.0":
  "integrity" "sha512-BrpvfNAE3dcvq7ll3xVumzjKjZQ5tI1sEUIKr3Uoks0XUl45St3FlatVqef9prk4jRDzhW6WZg+3bk93y6pLjA=="
  "resolved" "https://registry.npmjs.org/strip-final-newline/-/strip-final-newline-2.0.0.tgz"
  "version" "2.0.0"

"supports-color@^5.3.0", "supports-color@^5.4.0":
  "integrity" "sha512-QjVjwdXIt408MIiAqCX4oUKsgU2EqAGzs2Ppkm4aQYbjm+ZEWEcW4SfFNTr4uMNZma0ey4f5lgLrkB0aX0QMow=="
  "resolved" "https://registry.npmjs.org/supports-color/-/supports-color-5.5.0.tgz"
  "version" "5.5.0"
  dependencies:
    "has-flag" "^3.0.0"

"supports-color@^7.1.0":
  "integrity" "sha512-qpCAvRl9stuOHveKsn7HncJRvv501qIacKzQlO/+Lwxc9+0q2wLyv4Dfvt80/DPn2pqOBsJdDiogXGR9+OvwRw=="
  "resolved" "https://registry.npmjs.org/supports-color/-/supports-color-7.2.0.tgz"
  "version" "7.2.0"
  dependencies:
    "has-flag" "^4.0.0"

"tailwindcss@^2.0.2":
  "integrity" "sha512-nO9JRE1pO7SF9RnYAl6g7uzeHdrmKAFqNjT9NtZUfxqimJZAOOLOEyIEUiMq12+xIc7mC2Ey3Vf90XjHpWKfbw=="
  "resolved" "https://registry.npmjs.org/tailwindcss/-/tailwindcss-2.0.2.tgz"
  "version" "2.0.2"
  dependencies:
    "@fullhuman/postcss-purgecss" "^3.0.0"
    "bytes" "^3.0.0"
    "chalk" "^4.1.0"
    "color" "^3.1.3"
    "detective" "^5.2.0"
    "didyoumean" "^1.2.1"
    "fs-extra" "^9.0.1"
    "html-tags" "^3.1.0"
    "lodash" "^4.17.20"
    "modern-normalize" "^1.0.0"
    "node-emoji" "^1.8.1"
    "object-hash" "^2.0.3"
    "postcss-functions" "^3"
    "postcss-js" "^3.0.3"
    "postcss-nested" "^5.0.1"
    "postcss-selector-parser" "^6.0.4"
    "postcss-value-parser" "^4.1.0"
    "pretty-hrtime" "^1.0.3"
    "reduce-css-calc" "^2.1.6"
    "resolve" "^1.19.0"

"uniq@^1.0.1":
  "integrity" "sha1-sxxa6CVIRKOoKBVBzisEuGWnNP8="
  "resolved" "https://registry.npmjs.org/uniq/-/uniq-1.0.1.tgz"
  "version" "1.0.1"

"universalify@^1.0.0":
  "integrity" "sha512-rb6X1W158d7pRQBg5gkR8uPaSfiids68LTJQYOtEUhoJUWBdaQHsuT/EUduxXYxcrt4r5PJ4fuHW1MHT6p0qug=="
  "resolved" "https://registry.npmjs.org/universalify/-/universalify-1.0.0.tgz"
  "version" "1.0.0"

"universalify@^2.0.0":
  "integrity" "sha512-hAZsKq7Yy11Zu1DE0OzWjw7nnLZmJZYTDZZyEFHZdUhV8FkH5MCfoU1XMaxXovpyW5nq5scPqq0ZDP9Zyl04oQ=="
  "resolved" "https://registry.npmjs.org/universalify/-/universalify-2.0.0.tgz"
  "version" "2.0.0"

"util-deprecate@^1.0.2":
  "integrity" "sha1-RQ1Nyfpw3nMnYvvS1KKJgUGaDM8="
  "resolved" "https://registry.npmjs.org/util-deprecate/-/util-deprecate-1.0.2.tgz"
  "version" "1.0.2"

"which-pm-runs@^1.0.0":
  "integrity" "sha1-Zws6+8VS4LVd9rd4DKdGFfI60cs="
  "resolved" "https://registry.npmjs.org/which-pm-runs/-/which-pm-runs-1.0.0.tgz"
  "version" "1.0.0"

"which@^2.0.1":
  "integrity" "sha512-BLI3Tl1TW3Pvl70l3yq3Y64i+awpwXqsGBYWkkqMtnbXgrMD+yj7rhW0kuEDxzJaYXGjEW5ogapKNMEKNMjibA=="
  "resolved" "https://registry.npmjs.org/which/-/which-2.0.2.tgz"
  "version" "2.0.2"
  dependencies:
    "isexe" "^2.0.0"

"wrappy@1":
  "integrity" "sha1-tSQ9jz7BqjXxNkYFvA0QNuMKtp8="
  "resolved" "https://registry.npmjs.org/wrappy/-/wrappy-1.0.2.tgz"
  "version" "1.0.2"

"xtend@^4.0.2":
  "integrity" "sha512-LKYU1iAXJXUgAXn9URjiu+MWhyUXHsvfp7mcuYm9dSUKK0/CjtrUwFAxD82/mCWbtLsGjFIad0wIsod4zrTAEQ=="
  "resolved" "https://registry.npmjs.org/xtend/-/xtend-4.0.2.tgz"
  "version" "4.0.2"

"yaml@^1.10.0":
  "integrity" "sha512-yr2icI4glYaNG+KWONODapy2/jDdMSDnrONSjblABjD9B4Z5LgiircSt8m8sRZFNi08kG9Sm0uSHtEmP3zaEGg=="
  "resolved" "https://registry.npmjs.org/yaml/-/yaml-1.10.0.tgz"
  "version" "1.10.0"
